
Microsoft Visual Studio Solution File, Format Version 12.00
# Visual Studio Version 16
VisualStudioVersion = 16.0.30320.27
MinimumVisualStudioVersion = 10.0.40219.1
Project("{888888A0-9F3D-457C-B088-3A5042F75D52}") = "WebCamFacePy", "WebCamFacePy\WebCamFacePy.pyproj", "{6A46E5DA-B460-4960-8113-497259BFF3D3}"
EndProject
Global
	GlobalSection(SolutionConfigurationPlatforms) = preSolution
		Debug|Any CPU = Debug|Any CPU
		Release|Any CPU = Release|Any CPU
	EndGlobalSection
	GlobalSection(ProjectConfigurationPlatforms) = postSolution
		{6A46E5DA-B460-4960-8113-497259BFF3D3}.Debug|Any CPU.ActiveCfg = Debug|Any CPU
		{6A46E5DA-B460-4960-8113-497259BFF3D3}.Release|Any CPU.ActiveCfg = Release|Any CPU
	EndGlobalSection
	GlobalSection(SolutionProperties) = preSolution
		HideSolutionNode = FALSE
	EndGlobalSection
	GlobalSection(ExtensibilityGlobals) = postSolution
		SolutionGuid = {637BB435-9683-4C42-86F2-9E08FE2B8F7B}
	EndGlobalSection
EndGlobal
